// !$*UTF8*$!
{
	archiveVersion = 1;
	classes = {
	};
	objectVersion = 46;
	objects = {

/* Begin PBXBuildFile section */
		E40E98611D50982100112273 /* LikesViewController.swift in Sources */ = {isa = PBXBuildFile; fileRef = E40E98601D50982100112273 /* LikesViewController.swift */; };
		E40E98651D509C1300112273 /* like_cell.swift in Sources */ = {isa = PBXBuildFile; fileRef = E40E98641D509C1300112273 /* like_cell.swift */; };
		E40E98671D50DAA700112273 /* discoverViewController.swift in Sources */ = {isa = PBXBuildFile; fileRef = E40E98661D50DAA700112273 /* discoverViewController.swift */; };
		E40E98691D50DE7600112273 /* discover_cell.swift in Sources */ = {isa = PBXBuildFile; fileRef = E40E98681D50DE7600112273 /* discover_cell.swift */; };
		E40E986B1D51BFFC00112273 /* messagesViewController.swift in Sources */ = {isa = PBXBuildFile; fileRef = E40E986A1D51BFFC00112273 /* messagesViewController.swift */; };
		E40E986D1D51C96F00112273 /* message_cell.swift in Sources */ = {isa = PBXBuildFile; fileRef = E40E986C1D51C96F00112273 /* message_cell.swift */; };
		E42049D81D4BAB34001A49F5 /* upvote.wav in Resources */ = {isa = PBXBuildFile; fileRef = E42049D71D4BAB34001A49F5 /* upvote.wav */; };
		E42049DA1D4BAB52001A49F5 /* TiVo - Selection.mp3 in Resources */ = {isa = PBXBuildFile; fileRef = E42049D91D4BAB52001A49F5 /* TiVo - Selection.mp3 */; };
		E44A71D11D4A002200FDA473 /* Bolts.framework in Frameworks */ = {isa = PBXBuildFile; fileRef = E44A71CD1D4A002200FDA473 /* Bolts.framework */; };
		E44A71D21D4A002200FDA473 /* FBSDKCoreKit.framework in Frameworks */ = {isa = PBXBuildFile; fileRef = E44A71CE1D4A002200FDA473 /* FBSDKCoreKit.framework */; };
		E44A71D31D4A002200FDA473 /* FBSDKLoginKit.framework in Frameworks */ = {isa = PBXBuildFile; fileRef = E44A71CF1D4A002200FDA473 /* FBSDKLoginKit.framework */; };
		E44A71D41D4A002200FDA473 /* FBSDKShareKit.framework in Frameworks */ = {isa = PBXBuildFile; fileRef = E44A71D01D4A002200FDA473 /* FBSDKShareKit.framework */; };
		E45592201D4F4EBC00D36B28 /* CommentsViewController.swift in Sources */ = {isa = PBXBuildFile; fileRef = E455921F1D4F4EBC00D36B28 /* CommentsViewController.swift */; };
		E45592241D4F685200D36B28 /* comment_cell.swift in Sources */ = {isa = PBXBuildFile; fileRef = E45592231D4F685200D36B28 /* comment_cell.swift */; };
		E45592261D4F6EC000D36B28 /* dawg.png in Resources */ = {isa = PBXBuildFile; fileRef = E45592251D4F6EC000D36B28 /* dawg.png */; };
		E4579DD01D07118300E52D4D /* AppDelegate.swift in Sources */ = {isa = PBXBuildFile; fileRef = E4579DCF1D07118300E52D4D /* AppDelegate.swift */; };
		E4579DD71D07118300E52D4D /* Main.storyboard in Resources */ = {isa = PBXBuildFile; fileRef = E4579DD51D07118300E52D4D /* Main.storyboard */; };
		E4579DD91D07118300E52D4D /* Assets.xcassets in Resources */ = {isa = PBXBuildFile; fileRef = E4579DD81D07118300E52D4D /* Assets.xcassets */; };
		E45811601D492C1D0020A446 /* Spring in Resources */ = {isa = PBXBuildFile; fileRef = E458115F1D492C1D0020A446 /* Spring */; };
		E45FE2251D54C18D00AFA106 /* dawg1.png in Resources */ = {isa = PBXBuildFile; fileRef = E45FE2241D54C18D00AFA106 /* dawg1.png */; };
		E45FE2271D54C5B500AFA106 /* conversation_cell.swift in Sources */ = {isa = PBXBuildFile; fileRef = E45FE2261D54C5B500AFA106 /* conversation_cell.swift */; };
		E45FE22D1D559F3C00AFA106 /* postViewController.swift in Sources */ = {isa = PBXBuildFile; fileRef = E45FE22C1D559F3C00AFA106 /* postViewController.swift */; };
		E478A3091D4E39AA00865189 /* IMG_2623.png in Resources */ = {isa = PBXBuildFile; fileRef = E478A3081D4E39AA00865189 /* IMG_2623.png */; };
		E484FAD71D5E1989007B8918 /* SWRevealViewController.m in Sources */ = {isa = PBXBuildFile; fileRef = E484FAD61D5E1989007B8918 /* SWRevealViewController.m */; };
		E484FAFE1D5E2568007B8918 /* BackTableVC.swift in Sources */ = {isa = PBXBuildFile; fileRef = E484FAFD1D5E2568007B8918 /* BackTableVC.swift */; };
		E484FB071D66E833007B8918 /* search_cell.swift in Sources */ = {isa = PBXBuildFile; fileRef = E484FB061D66E833007B8918 /* search_cell.swift */; };
		E4938F1A1D5A0B45008ACE46 /* MobileCoreServices.framework in Frameworks */ = {isa = PBXBuildFile; fileRef = E4938F191D5A0B45008ACE46 /* MobileCoreServices.framework */; };
		E4938F1E1D5CC8B3008ACE46 /* imageViewController.swift in Sources */ = {isa = PBXBuildFile; fileRef = E4938F1D1D5CC8B3008ACE46 /* imageViewController.swift */; };
		E4938F201D5CD72C008ACE46 /* no_image.jpg in Resources */ = {isa = PBXBuildFile; fileRef = E4938F1F1D5CD72C008ACE46 /* no_image.jpg */; };
		E4AFB6F21D53639C00FDD6B6 /* notificationsViewController.swift in Sources */ = {isa = PBXBuildFile; fileRef = E4AFB6F11D53639C00FDD6B6 /* notificationsViewController.swift */; };
		E4CA78B31D54478600B41A87 /* notification_cell.swift in Sources */ = {isa = PBXBuildFile; fileRef = E4CA78B21D54478600B41A87 /* notification_cell.swift */; };
		E4CA78B91D546AAE00B41A87 /* notification2_cell.swift in Sources */ = {isa = PBXBuildFile; fileRef = E4CA78B81D546AAE00B41A87 /* notification2_cell.swift */; };
		E4D116FD1D4A6DD4008DA903 /* CoreLocation.framework in Frameworks */ = {isa = PBXBuildFile; fileRef = E4D116FC1D4A6DD4008DA903 /* CoreLocation.framework */; };
		E4D116FF1D4A8EE5008DA903 /* SwiftyJSON.swift in Sources */ = {isa = PBXBuildFile; fileRef = E4D116FE1D4A8EE5008DA903 /* SwiftyJSON.swift */; };
		E4DE19361D47FC3000AA4836 /* Launch Screen.storyboard in Resources */ = {isa = PBXBuildFile; fileRef = E4DE19351D47FC3000AA4836 /* Launch Screen.storyboard */; };
		E4DE19461D48BFFE00AA4836 /* CreateAnAccountViewController.swift in Sources */ = {isa = PBXBuildFile; fileRef = E4DE19451D48BFFE00AA4836 /* CreateAnAccountViewController.swift */; };
		E4DE19481D48C03800AA4836 /* LoginViewController.swift in Sources */ = {isa = PBXBuildFile; fileRef = E4DE19471D48C03800AA4836 /* LoginViewController.swift */; };
		E4DE194A1D48C0B800AA4836 /* BasicInfoViewController.swift in Sources */ = {isa = PBXBuildFile; fileRef = E4DE19491D48C0B800AA4836 /* BasicInfoViewController.swift */; };
		E4FDD9B11D4CA4E400E7610B /* TableViewController.swift in Sources */ = {isa = PBXBuildFile; fileRef = E4FDD9B01D4CA4E400E7610B /* TableViewController.swift */; };
		E4FDD9B31D4CB43800E7610B /* feed.swift in Sources */ = {isa = PBXBuildFile; fileRef = E4FDD9B21D4CB43800E7610B /* feed.swift */; };
/* End PBXBuildFile section */

/* Begin PBXFileReference section */
		E40E98601D50982100112273 /* LikesViewController.swift */ = {isa = PBXFileReference; fileEncoding = 4; lastKnownFileType = sourcecode.swift; name = LikesViewController.swift; path = ../LikesViewController.swift; sourceTree = "<group>"; };
		E40E98641D509C1300112273 /* like_cell.swift */ = {isa = PBXFileReference; fileEncoding = 4; lastKnownFileType = sourcecode.swift; name = like_cell.swift; path = ../like_cell.swift; sourceTree = "<group>"; };
		E40E98661D50DAA700112273 /* discoverViewController.swift */ = {isa = PBXFileReference; fileEncoding = 4; lastKnownFileType = sourcecode.swift; name = discoverViewController.swift; path = ../discoverViewController.swift; sourceTree = "<group>"; };
		E40E98681D50DE7600112273 /* discover_cell.swift */ = {isa = PBXFileReference; fileEncoding = 4; lastKnownFileType = sourcecode.swift; path = discover_cell.swift; sourceTree = "<group>"; };
		E40E986A1D51BFFC00112273 /* messagesViewController.swift */ = {isa = PBXFileReference; fileEncoding = 4; lastKnownFileType = sourcecode.swift; path = messagesViewController.swift; sourceTree = "<group>"; };
		E40E986C1D51C96F00112273 /* message_cell.swift */ = {isa = PBXFileReference; fileEncoding = 4; lastKnownFileType = sourcecode.swift; name = message_cell.swift; path = ../message_cell.swift; sourceTree = "<group>"; };
		E42049D71D4BAB34001A49F5 /* upvote.wav */ = {isa = PBXFileReference; lastKnownFileType = audio.wav; path = upvote.wav; sourceTree = "<group>"; };
		E42049D91D4BAB52001A49F5 /* TiVo - Selection.mp3 */ = {isa = PBXFileReference; lastKnownFileType = audio.mp3; path = "TiVo - Selection.mp3"; sourceTree = "<group>"; };
		E44A71CC1D49FCBF00FDA473 /* PetOye-Bridging-Header.h */ = {isa = PBXFileReference; lastKnownFileType = sourcecode.c.h; path = "PetOye-Bridging-Header.h"; sourceTree = "<group>"; };
		E44A71CD1D4A002200FDA473 /* Bolts.framework */ = {isa = PBXFileReference; lastKnownFileType = wrapper.framework; name = Bolts.framework; path = ../../../../../../Documents/FacebookSDK/Bolts.framework; sourceTree = "<group>"; };
		E44A71CE1D4A002200FDA473 /* FBSDKCoreKit.framework */ = {isa = PBXFileReference; lastKnownFileType = wrapper.framework; name = FBSDKCoreKit.framework; path = ../../../../../../Documents/FacebookSDK/FBSDKCoreKit.framework; sourceTree = "<group>"; };
		E44A71CF1D4A002200FDA473 /* FBSDKLoginKit.framework */ = {isa = PBXFileReference; lastKnownFileType = wrapper.framework; name = FBSDKLoginKit.framework; path = ../../../../../../Documents/FacebookSDK/FBSDKLoginKit.framework; sourceTree = "<group>"; };
		E44A71D01D4A002200FDA473 /* FBSDKShareKit.framework */ = {isa = PBXFileReference; lastKnownFileType = wrapper.framework; name = FBSDKShareKit.framework; path = ../../../../../../Documents/FacebookSDK/FBSDKShareKit.framework; sourceTree = "<group>"; };
		E455921F1D4F4EBC00D36B28 /* CommentsViewController.swift */ = {isa = PBXFileReference; fileEncoding = 4; lastKnownFileType = sourcecode.swift; name = CommentsViewController.swift; path = ../CommentsViewController.swift; sourceTree = "<group>"; };
		E45592231D4F685200D36B28 /* comment_cell.swift */ = {isa = PBXFileReference; fileEncoding = 4; lastKnownFileType = sourcecode.swift; name = comment_cell.swift; path = ../comment_cell.swift; sourceTree = "<group>"; };
		E45592251D4F6EC000D36B28 /* dawg.png */ = {isa = PBXFileReference; lastKnownFileType = image.png; path = dawg.png; sourceTree = "<group>"; };
		E4579DCC1D07118300E52D4D /* PetOye.app */ = {isa = PBXFileReference; explicitFileType = wrapper.application; includeInIndex = 0; path = PetOye.app; sourceTree = BUILT_PRODUCTS_DIR; };
		E4579DCF1D07118300E52D4D /* AppDelegate.swift */ = {isa = PBXFileReference; lastKnownFileType = sourcecode.swift; path = AppDelegate.swift; sourceTree = "<group>"; };
		E4579DD61D07118300E52D4D /* Base */ = {isa = PBXFileReference; lastKnownFileType = file.storyboard; name = Base; path = Base.lproj/Main.storyboard; sourceTree = "<group>"; };
		E4579DD81D07118300E52D4D /* Assets.xcassets */ = {isa = PBXFileReference; lastKnownFileType = folder.assetcatalog; path = Assets.xcassets; sourceTree = "<group>"; };
		E4579DDD1D07118300E52D4D /* Info.plist */ = {isa = PBXFileReference; lastKnownFileType = text.plist.xml; path = Info.plist; sourceTree = "<group>"; };
		E458115F1D492C1D0020A446 /* Spring */ = {isa = PBXFileReference; lastKnownFileType = folder; path = Spring; sourceTree = "<group>"; };
		E45FE2241D54C18D00AFA106 /* dawg1.png */ = {isa = PBXFileReference; lastKnownFileType = image.png; path = dawg1.png; sourceTree = "<group>"; };
		E45FE2261D54C5B500AFA106 /* conversation_cell.swift */ = {isa = PBXFileReference; fileEncoding = 4; lastKnownFileType = sourcecode.swift; path = conversation_cell.swift; sourceTree = "<group>"; };
		E45FE22C1D559F3C00AFA106 /* postViewController.swift */ = {isa = PBXFileReference; fileEncoding = 4; lastKnownFileType = sourcecode.swift; name = postViewController.swift; path = ../postViewController.swift; sourceTree = "<group>"; };
		E478A3081D4E39AA00865189 /* IMG_2623.png */ = {isa = PBXFileReference; lastKnownFileType = image.png; path = IMG_2623.png; sourceTree = "<group>"; };
		E484FAD51D5E1989007B8918 /* SWRevealViewController.h */ = {isa = PBXFileReference; fileEncoding = 4; lastKnownFileType = sourcecode.c.h; path = SWRevealViewController.h; sourceTree = "<group>"; };
		E484FAD61D5E1989007B8918 /* SWRevealViewController.m */ = {isa = PBXFileReference; fileEncoding = 4; lastKnownFileType = sourcecode.c.objc; path = SWRevealViewController.m; sourceTree = "<group>"; };
		E484FAFD1D5E2568007B8918 /* BackTableVC.swift */ = {isa = PBXFileReference; fileEncoding = 4; lastKnownFileType = sourcecode.swift; name = BackTableVC.swift; path = ../BackTableVC.swift; sourceTree = "<group>"; };
		E484FB061D66E833007B8918 /* search_cell.swift */ = {isa = PBXFileReference; fileEncoding = 4; lastKnownFileType = sourcecode.swift; path = search_cell.swift; sourceTree = "<group>"; };
		E4938F191D5A0B45008ACE46 /* MobileCoreServices.framework */ = {isa = PBXFileReference; lastKnownFileType = wrapper.framework; name = MobileCoreServices.framework; path = System/Library/Frameworks/MobileCoreServices.framework; sourceTree = SDKROOT; };
		E4938F1D1D5CC8B3008ACE46 /* imageViewController.swift */ = {isa = PBXFileReference; fileEncoding = 4; lastKnownFileType = sourcecode.swift; path = imageViewController.swift; sourceTree = "<group>"; };
		E4938F1F1D5CD72C008ACE46 /* no_image.jpg */ = {isa = PBXFileReference; lastKnownFileType = image.jpeg; path = no_image.jpg; sourceTree = "<group>"; };
		E4AFB6F11D53639C00FDD6B6 /* notificationsViewController.swift */ = {isa = PBXFileReference; fileEncoding = 4; lastKnownFileType = sourcecode.swift; path = notificationsViewController.swift; sourceTree = "<group>"; };
		E4CA78B21D54478600B41A87 /* notification_cell.swift */ = {isa = PBXFileReference; fileEncoding = 4; lastKnownFileType = sourcecode.swift; name = notification_cell.swift; path = ../notification_cell.swift; sourceTree = "<group>"; };
		E4CA78B81D546AAE00B41A87 /* notification2_cell.swift */ = {isa = PBXFileReference; fileEncoding = 4; lastKnownFileType = sourcecode.swift; name = notification2_cell.swift; path = ../notification2_cell.swift; sourceTree = "<group>"; };
		E4D116FC1D4A6DD4008DA903 /* CoreLocation.framework */ = {isa = PBXFileReference; lastKnownFileType = wrapper.framework; name = CoreLocation.framework; path = System/Library/Frameworks/CoreLocation.framework; sourceTree = SDKROOT; };
		E4D116FE1D4A8EE5008DA903 /* SwiftyJSON.swift */ = {isa = PBXFileReference; fileEncoding = 4; lastKnownFileType = sourcecode.swift; path = SwiftyJSON.swift; sourceTree = "<group>"; };
		E4DE19351D47FC3000AA4836 /* Launch Screen.storyboard */ = {isa = PBXFileReference; fileEncoding = 4; lastKnownFileType = file.storyboard; name = "Launch Screen.storyboard"; path = "../Launch Screen.storyboard"; sourceTree = "<group>"; };
		E4DE19451D48BFFE00AA4836 /* CreateAnAccountViewController.swift */ = {isa = PBXFileReference; fileEncoding = 4; lastKnownFileType = sourcecode.swift; path = CreateAnAccountViewController.swift; sourceTree = "<group>"; };
		E4DE19471D48C03800AA4836 /* LoginViewController.swift */ = {isa = PBXFileReference; fileEncoding = 4; lastKnownFileType = sourcecode.swift; path = LoginViewController.swift; sourceTree = "<group>"; };
		E4DE19491D48C0B800AA4836 /* BasicInfoViewController.swift */ = {isa = PBXFileReference; fileEncoding = 4; lastKnownFileType = sourcecode.swift; path = BasicInfoViewController.swift; sourceTree = "<group>"; };
		E4FDD9B01D4CA4E400E7610B /* TableViewController.swift */ = {isa = PBXFileReference; fileEncoding = 4; lastKnownFileType = sourcecode.swift; name = TableViewController.swift; path = ../TableViewController.swift; sourceTree = "<group>"; };
		E4FDD9B21D4CB43800E7610B /* feed.swift */ = {isa = PBXFileReference; fileEncoding = 4; lastKnownFileType = sourcecode.swift; name = feed.swift; path = ../feed.swift; sourceTree = "<group>"; };
/* End PBXFileReference section */

/* Begin PBXFrameworksBuildPhase section */
		E4579DC91D07118200E52D4D /* Frameworks */ = {
			isa = PBXFrameworksBuildPhase;
			buildActionMask = 2147483647;
			files = (
				E4938F1A1D5A0B45008ACE46 /* MobileCoreServices.framework in Frameworks */,
				E4D116FD1D4A6DD4008DA903 /* CoreLocation.framework in Frameworks */,
				E44A71D41D4A002200FDA473 /* FBSDKShareKit.framework in Frameworks */,
				E44A71D11D4A002200FDA473 /* Bolts.framework in Frameworks */,
				E44A71D21D4A002200FDA473 /* FBSDKCoreKit.framework in Frameworks */,
				E44A71D31D4A002200FDA473 /* FBSDKLoginKit.framework in Frameworks */,
			);
			runOnlyForDeploymentPostprocessing = 0;
		};
/* End PBXFrameworksBuildPhase section */

/* Begin PBXGroup section */
		E4579DC31D07118200E52D4D = {
			isa = PBXGroup;
			children = (
				E4938F1D1D5CC8B3008ACE46 /* imageViewController.swift */,
				E4579DCE1D07118300E52D4D /* petoyeapp_iphone */,
				E4579DCD1D07118300E52D4D /* Products */,
			);
			sourceTree = "<group>";
		};
		E4579DCD1D07118300E52D4D /* Products */ = {
			isa = PBXGroup;
			children = (
				E4579DCC1D07118300E52D4D /* PetOye.app */,
			);
			name = Products;
			sourceTree = "<group>";
		};
		E4579DCE1D07118300E52D4D /* petoyeapp_iphone */ = {
			isa = PBXGroup;
			children = (
				E458115F1D492C1D0020A446 /* Spring */,
				E45FE22B1D54C68700AFA106 /* Other */,
				E45FE22A1D54C66100AFA106 /* Assets */,
				E45811631D49E8E20020A446 /* Frameworks */,
				E45FE2281D54C5C000AFA106 /* View Controllers */,
				E4579DD51D07118300E52D4D /* Main.storyboard */,
				E45FE2291D54C62000AFA106 /* Custom cells */,
			);
			path = petoyeapp_iphone;
			sourceTree = "<group>";
		};
		E45811631D49E8E20020A446 /* Frameworks */ = {
			isa = PBXGroup;
			children = (
				E4938F191D5A0B45008ACE46 /* MobileCoreServices.framework */,
				E4D116FC1D4A6DD4008DA903 /* CoreLocation.framework */,
				E44A71CD1D4A002200FDA473 /* Bolts.framework */,
				E44A71CE1D4A002200FDA473 /* FBSDKCoreKit.framework */,
				E44A71CF1D4A002200FDA473 /* FBSDKLoginKit.framework */,
				E44A71D01D4A002200FDA473 /* FBSDKShareKit.framework */,
			);
			name = Frameworks;
			sourceTree = "<group>";
		};
		E45FE2281D54C5C000AFA106 /* View Controllers */ = {
			isa = PBXGroup;
			children = (
				E4DE19451D48BFFE00AA4836 /* CreateAnAccountViewController.swift */,
				E4DE19471D48C03800AA4836 /* LoginViewController.swift */,
				E4DE19491D48C0B800AA4836 /* BasicInfoViewController.swift */,
				E4FDD9B01D4CA4E400E7610B /* TableViewController.swift */,
				E455921F1D4F4EBC00D36B28 /* CommentsViewController.swift */,
				E40E98601D50982100112273 /* LikesViewController.swift */,
				E40E98661D50DAA700112273 /* discoverViewController.swift */,
				E4AFB6F11D53639C00FDD6B6 /* notificationsViewController.swift */,
				E40E986A1D51BFFC00112273 /* messagesViewController.swift */,
				E45FE22C1D559F3C00AFA106 /* postViewController.swift */,
				E484FB011D6012B7007B8918 /* Hamburger */,
			);
			name = "View Controllers";
			sourceTree = "<group>";
		};
		E45FE2291D54C62000AFA106 /* Custom cells */ = {
			isa = PBXGroup;
			children = (
				E4FDD9B21D4CB43800E7610B /* feed.swift */,
				E40E98641D509C1300112273 /* like_cell.swift */,
				E484FB061D66E833007B8918 /* search_cell.swift */,
				E45592231D4F685200D36B28 /* comment_cell.swift */,
				E40E98681D50DE7600112273 /* discover_cell.swift */,
				E4CA78B21D54478600B41A87 /* notification_cell.swift */,
				E4CA78B81D546AAE00B41A87 /* notification2_cell.swift */,
				E45FE2261D54C5B500AFA106 /* conversation_cell.swift */,
				E40E986C1D51C96F00112273 /* message_cell.swift */,
			);
			name = "Custom cells";
			sourceTree = "<group>";
		};
		E45FE22A1D54C66100AFA106 /* Assets */ = {
			isa = PBXGroup;
			children = (
				E4938F1F1D5CD72C008ACE46 /* no_image.jpg */,
				E4579DD81D07118300E52D4D /* Assets.xcassets */,
				E45592251D4F6EC000D36B28 /* dawg.png */,
				E45FE2241D54C18D00AFA106 /* dawg1.png */,
				E478A3081D4E39AA00865189 /* IMG_2623.png */,
				E42049D71D4BAB34001A49F5 /* upvote.wav */,
				E42049D91D4BAB52001A49F5 /* TiVo - Selection.mp3 */,
			);
			name = Assets;
			sourceTree = "<group>";
		};
		E45FE22B1D54C68700AFA106 /* Other */ = {
			isa = PBXGroup;
			children = (
				E484FAD51D5E1989007B8918 /* SWRevealViewController.h */,
				E484FAD61D5E1989007B8918 /* SWRevealViewController.m */,
				E4579DCF1D07118300E52D4D /* AppDelegate.swift */,
				E4D116FE1D4A8EE5008DA903 /* SwiftyJSON.swift */,
				E44A71CC1D49FCBF00FDA473 /* PetOye-Bridging-Header.h */,
				E4579DDD1D07118300E52D4D /* Info.plist */,
				E4DE19351D47FC3000AA4836 /* Launch Screen.storyboard */,
			);
			name = Other;
			sourceTree = "<group>";
		};
		E484FB011D6012B7007B8918 /* Hamburger */ = {
			isa = PBXGroup;
			children = (
				E484FAFD1D5E2568007B8918 /* BackTableVC.swift */,
			);
			name = Hamburger;
			sourceTree = "<group>";
		};
/* End PBXGroup section */

/* Begin PBXNativeTarget section */
		E4579DCB1D07118200E52D4D /* petoyeapp_iphone */ = {
			isa = PBXNativeTarget;
			buildConfigurationList = E4579DE01D07118300E52D4D /* Build configuration list for PBXNativeTarget "petoyeapp_iphone" */;
			buildPhases = (
				E4579DC81D07118200E52D4D /* Sources */,
				E4579DC91D07118200E52D4D /* Frameworks */,
				E4579DCA1D07118200E52D4D /* Resources */,
			);
			buildRules = (
			);
			dependencies = (
			);
			name = petoyeapp_iphone;
			productName = petoyeapp_iphone;
			productReference = E4579DCC1D07118300E52D4D /* PetOye.app */;
			productType = "com.apple.product-type.application";
		};
/* End PBXNativeTarget section */

/* Begin PBXProject section */
		E4579DC41D07118200E52D4D /* Project object */ = {
			isa = PBXProject;
			attributes = {
				LastSwiftUpdateCheck = 0730;
				LastUpgradeCheck = 0730;
				ORGANIZATIONNAME = "Ameya Vichare";
				TargetAttributes = {
					E4579DCB1D07118200E52D4D = {
						CreatedOnToolsVersion = 7.3.1;
						DevelopmentTeam = JC959F8T7E;
					};
				};
			};
			buildConfigurationList = E4579DC71D07118200E52D4D /* Build configuration list for PBXProject "PetOye" */;
			compatibilityVersion = "Xcode 3.2";
			developmentRegion = English;
			hasScannedForEncodings = 0;
			knownRegions = (
				en,
				Base,
			);
			mainGroup = E4579DC31D07118200E52D4D;
			productRefGroup = E4579DCD1D07118300E52D4D /* Products */;
			projectDirPath = "";
			projectRoot = "";
			targets = (
				E4579DCB1D07118200E52D4D /* petoyeapp_iphone */,
			);
		};
/* End PBXProject section */

/* Begin PBXResourcesBuildPhase section */
		E4579DCA1D07118200E52D4D /* Resources */ = {
			isa = PBXResourcesBuildPhase;
			buildActionMask = 2147483647;
			files = (
				E42049D81D4BAB34001A49F5 /* upvote.wav in Resources */,
				E42049DA1D4BAB52001A49F5 /* TiVo - Selection.mp3 in Resources */,
				E45811601D492C1D0020A446 /* Spring in Resources */,
				E4DE19361D47FC3000AA4836 /* Launch Screen.storyboard in Resources */,
				E4579DD91D07118300E52D4D /* Assets.xcassets in Resources */,
				E478A3091D4E39AA00865189 /* IMG_2623.png in Resources */,
				E45592261D4F6EC000D36B28 /* dawg.png in Resources */,
				E45FE2251D54C18D00AFA106 /* dawg1.png in Resources */,
				E4938F201D5CD72C008ACE46 /* no_image.jpg in Resources */,
				E4579DD71D07118300E52D4D /* Main.storyboard in Resources */,
			);
			runOnlyForDeploymentPostprocessing = 0;
		};
/* End PBXResourcesBuildPhase section */

/* Begin PBXSourcesBuildPhase section */
		E4579DC81D07118200E52D4D /* Sources */ = {
			isa = PBXSourcesBuildPhase;
			buildActionMask = 2147483647;
			files = (
				E40E986B1D51BFFC00112273 /* messagesViewController.swift in Sources */,
				E484FB071D66E833007B8918 /* search_cell.swift in Sources */,
				E45FE2271D54C5B500AFA106 /* conversation_cell.swift in Sources */,
				E40E98611D50982100112273 /* LikesViewController.swift in Sources */,
				E4938F1E1D5CC8B3008ACE46 /* imageViewController.swift in Sources */,
				E4DE19481D48C03800AA4836 /* LoginViewController.swift in Sources */,
				E40E98691D50DE7600112273 /* discover_cell.swift in Sources */,
				E4FDD9B31D4CB43800E7610B /* feed.swift in Sources */,
				E45592241D4F685200D36B28 /* comment_cell.swift in Sources */,
				E4FDD9B11D4CA4E400E7610B /* TableViewController.swift in Sources */,
				E4DE194A1D48C0B800AA4836 /* BasicInfoViewController.swift in Sources */,
				E45592201D4F4EBC00D36B28 /* CommentsViewController.swift in Sources */,
				E4CA78B31D54478600B41A87 /* notification_cell.swift in Sources */,
				E4579DD01D07118300E52D4D /* AppDelegate.swift in Sources */,
				E484FAFE1D5E2568007B8918 /* BackTableVC.swift in Sources */,
				E45FE22D1D559F3C00AFA106 /* postViewController.swift in Sources */,
				E4D116FF1D4A8EE5008DA903 /* SwiftyJSON.swift in Sources */,
				E40E98671D50DAA700112273 /* discoverViewController.swift in Sources */,
				E40E986D1D51C96F00112273 /* message_cell.swift in Sources */,
				E4CA78B91D546AAE00B41A87 /* notification2_cell.swift in Sources */,
				E4DE19461D48BFFE00AA4836 /* CreateAnAccountViewController.swift in Sources */,
				E484FAD71D5E1989007B8918 /* SWRevealViewController.m in Sources */,
				E40E98651D509C1300112273 /* like_cell.swift in Sources */,
				E4AFB6F21D53639C00FDD6B6 /* notificationsViewController.swift in Sources */,
			);
			runOnlyForDeploymentPostprocessing = 0;
		};
/* End PBXSourcesBuildPhase section */

/* Begin PBXVariantGroup section */
		E4579DD51D07118300E52D4D /* Main.storyboard */ = {
			isa = PBXVariantGroup;
			children = (
				E4579DD61D07118300E52D4D /* Base */,
			);
			name = Main.storyboard;
			sourceTree = "<group>";
		};
/* End PBXVariantGroup section */

/* Begin XCBuildConfiguration section */
		E4579DDE1D07118300E52D4D /* Debug */ = {
			isa = XCBuildConfiguration;
			buildSettings = {
				ALWAYS_SEARCH_USER_PATHS = NO;
				CLANG_ANALYZER_NONNULL = YES;
				CLANG_CXX_LANGUAGE_STANDARD = "gnu++0x";
				CLANG_CXX_LIBRARY = "libc++";
				CLANG_ENABLE_MODULES = YES;
				CLANG_ENABLE_OBJC_ARC = YES;
				CLANG_WARN_BOOL_CONVERSION = YES;
				CLANG_WARN_CONSTANT_CONVERSION = YES;
				CLANG_WARN_DIRECT_OBJC_ISA_USAGE = YES_ERROR;
				CLANG_WARN_EMPTY_BODY = YES;
				CLANG_WARN_ENUM_CONVERSION = YES;
				CLANG_WARN_INT_CONVERSION = YES;
				CLANG_WARN_OBJC_ROOT_CLASS = YES_ERROR;
				CLANG_WARN_UNREACHABLE_CODE = YES;
				CLANG_WARN__DUPLICATE_METHOD_MATCH = YES;
				"CODE_SIGN_IDENTITY[sdk=iphoneos*]" = "iPhone Developer";
				COPY_PHASE_STRIP = NO;
				DEBUG_INFORMATION_FORMAT = dwarf;
				ENABLE_STRICT_OBJC_MSGSEND = YES;
				ENABLE_TESTABILITY = YES;
				GCC_C_LANGUAGE_STANDARD = gnu99;
				GCC_DYNAMIC_NO_PIC = NO;
				GCC_NO_COMMON_BLOCKS = YES;
				GCC_OPTIMIZATION_LEVEL = 0;
				GCC_PREPROCESSOR_DEFINITIONS = (
					"DEBUG=1",
					"$(inherited)",
				);
				GCC_WARN_64_TO_32_BIT_CONVERSION = YES;
				GCC_WARN_ABOUT_RETURN_TYPE = YES_ERROR;
				GCC_WARN_UNDECLARED_SELECTOR = YES;
				GCC_WARN_UNINITIALIZED_AUTOS = YES_AGGRESSIVE;
				GCC_WARN_UNUSED_FUNCTION = YES;
				GCC_WARN_UNUSED_VARIABLE = YES;
				IPHONEOS_DEPLOYMENT_TARGET = 9.3;
				MTL_ENABLE_DEBUG_INFO = YES;
				ONLY_ACTIVE_ARCH = YES;
				SDKROOT = iphoneos;
				SWIFT_OPTIMIZATION_LEVEL = "-Onone";
			};
			name = Debug;
		};
		E4579DDF1D07118300E52D4D /* Release */ = {
			isa = XCBuildConfiguration;
			buildSettings = {
				ALWAYS_SEARCH_USER_PATHS = NO;
				CLANG_ANALYZER_NONNULL = YES;
				CLANG_CXX_LANGUAGE_STANDARD = "gnu++0x";
				CLANG_CXX_LIBRARY = "libc++";
				CLANG_ENABLE_MODULES = YES;
				CLANG_ENABLE_OBJC_ARC = YES;
				CLANG_WARN_BOOL_CONVERSION = YES;
				CLANG_WARN_CONSTANT_CONVERSION = YES;
				CLANG_WARN_DIRECT_OBJC_ISA_USAGE = YES_ERROR;
				CLANG_WARN_EMPTY_BODY = YES;
				CLANG_WARN_ENUM_CONVERSION = YES;
				CLANG_WARN_INT_CONVERSION = YES;
				CLANG_WARN_OBJC_ROOT_CLASS = YES_ERROR;
				CLANG_WARN_UNREACHABLE_CODE = YES;
				CLANG_WARN__DUPLICATE_METHOD_MATCH = YES;
				"CODE_SIGN_IDENTITY[sdk=iphoneos*]" = "iPhone Developer";
				COPY_PHASE_STRIP = NO;
				DEBUG_INFORMATION_FORMAT = "dwarf-with-dsym";
				ENABLE_NS_ASSERTIONS = NO;
				ENABLE_STRICT_OBJC_MSGSEND = YES;
				GCC_C_LANGUAGE_STANDARD = gnu99;
				GCC_NO_COMMON_BLOCKS = YES;
				GCC_WARN_64_TO_32_BIT_CONVERSION = YES;
				GCC_WARN_ABOUT_RETURN_TYPE = YES_ERROR;
				GCC_WARN_UNDECLARED_SELECTOR = YES;
				GCC_WARN_UNINITIALIZED_AUTOS = YES_AGGRESSIVE;
				GCC_WARN_UNUSED_FUNCTION = YES;
				GCC_WARN_UNUSED_VARIABLE = YES;
				IPHONEOS_DEPLOYMENT_TARGET = 9.3;
				MTL_ENABLE_DEBUG_INFO = NO;
				SDKROOT = iphoneos;
				VALIDATE_PRODUCT = YES;
			};
			name = Release;
		};
		E4579DE11D07118300E52D4D /* Debug */ = {
			isa = XCBuildConfiguration;
			buildSettings = {
				ASSETCATALOG_COMPILER_APPICON_NAME = AppIcon;
				ASSETCATALOG_COMPILER_LAUNCHIMAGE_NAME = LaunchImage;
				CODE_SIGN_IDENTITY = "iPhone Developer";
				"CODE_SIGN_IDENTITY[sdk=iphoneos*]" = "iPhone Developer";
				FRAMEWORK_SEARCH_PATHS = /Documents/FacebookSDK;
				INFOPLIST_FILE = petoyeapp_iphone/Info.plist;
				LD_RUNPATH_SEARCH_PATHS = "$(inherited) @executable_path/Frameworks";
				PRODUCT_BUNDLE_IDENTIFIER = "com.2wc.petoyeapp-iphone";
				PRODUCT_NAME = PetOye;
				PROVISIONING_PROFILE = "";
				SWIFT_OBJC_BRIDGING_HEADER = "petoyeapp_iphone/PetOye-Bridging-Header.h";
			};
			name = Debug;
		};
		E4579DE21D07118300E52D4D /* Release */ = {
			isa = XCBuildConfiguration;
			buildSettings = {
				ASSETCATALOG_COMPILER_APPICON_NAME = AppIcon;
				ASSETCATALOG_COMPILER_LAUNCHIMAGE_NAME = LaunchImage;
				CODE_SIGN_IDENTITY = "iPhone Developer";
				"CODE_SIGN_IDENTITY[sdk=iphoneos*]" = "iPhone Developer";
				FRAMEWORK_SEARCH_PATHS = /Documents/FacebookSDK;
				INFOPLIST_FILE = petoyeapp_iphone/Info.plist;
				LD_RUNPATH_SEARCH_PATHS = "$(inherited) @executable_path/Frameworks";
				PRODUCT_BUNDLE_IDENTIFIER = "com.2wc.petoyeapp-iphone";
				PRODUCT_NAME = PetOye;
				PROVISIONING_PROFILE = "";
				SWIFT_OBJC_BRIDGING_HEADER = "petoyeapp_iphone/PetOye-Bridging-Header.h";
			};
			name = Release;
		};
/* End XCBuildConfiguration section */

/* Begin XCConfigurationList section */
		E4579DC71D07118200E52D4D /* Build configuration list for PBXProject "PetOye" */ = {
			isa = XCConfigurationList;
			buildConfigurations = (
				E4579DDE1D07118300E52D4D /* Debug */,
				E4579DDF1D07118300E52D4D /* Release */,
			);
			defaultConfigurationIsVisible = 0;
			defaultConfigurationName = Release;
		};
		E4579DE01D07118300E52D4D /* Build configuration list for PBXNativeTarget "petoyeapp_iphone" */ = {
			isa = XCConfigurationList;
			buildConfigurations = (
				E4579DE11D07118300E52D4D /* Debug */,
				E4579DE21D07118300E52D4D /* Release */,
			);
			defaultConfigurationIsVisible = 0;
			defaultConfigurationName = Release;
		};
/* End XCConfigurationList section */
	};
	rootObject = E4579DC41D07118200E52D4D /* Project object */;
}
